
Microsoft Visual Studio Solution File, Format Version 12.00
# Visual Studio Version 16
VisualStudioVersion = 16.0.31624.102
MinimumVisualStudioVersion = 10.0.40219.1
Project("{FAE04EC0-301F-11D3-BF4B-00C04F79EFBC}") = "DataAccess", "DataAccess\DataAccess.csproj", "{ED3F4FE6-209A-4741-A8E9-67AF85C5A4F7}"
EndProject
Project("{FAE04EC0-301F-11D3-BF4B-00C04F79EFBC}") = "BusinessObject", "BusinessObject\BusinessObject.csproj", "{7CAC5EF8-D2C8-4079-92D9-F1E33AFE4FDB}"
EndProject
Project("{FAE04EC0-301F-11D3-BF4B-00C04F79EFBC}") = "MyStoreWinApp", "MyStoreWinApp\MyStoreWinApp.csproj", "{968FFAD9-AEED-4564-971F-AE68C151733D}"
EndProject
Project("{2150E333-8FDC-42A3-9474-1A3956D46DE8}") = "1.Presentation Layer", "1.Presentation Layer", "{FA02F522-8F9A-4178-B1A8-7D2467A067AF}"
EndProject
Project("{2150E333-8FDC-42A3-9474-1A3956D46DE8}") = "2.Business Layer", "2.Business Layer", "{EF384B3D-EC56-4B53-AE86-AAD8D291C830}"
EndProject
Project("{2150E333-8FDC-42A3-9474-1A3956D46DE8}") = "3.Data Layer", "3.Data Layer", "{C760CE31-7F4B-4896-9099-20203069DE00}"
EndProject
Global
	GlobalSection(SolutionConfigurationPlatforms) = preSolution
		Debug|Any CPU = Debug|Any CPU
		Release|Any CPU = Release|Any CPU
	EndGlobalSection
	GlobalSection(ProjectConfigurationPlatforms) = postSolution
		{ED3F4FE6-209A-4741-A8E9-67AF85C5A4F7}.Debug|Any CPU.ActiveCfg = Debug|Any CPU
		{ED3F4FE6-209A-4741-A8E9-67AF85C5A4F7}.Debug|Any CPU.Build.0 = Debug|Any CPU
		{ED3F4FE6-209A-4741-A8E9-67AF85C5A4F7}.Release|Any CPU.ActiveCfg = Release|Any CPU
		{ED3F4FE6-209A-4741-A8E9-67AF85C5A4F7}.Release|Any CPU.Build.0 = Release|Any CPU
		{7CAC5EF8-D2C8-4079-92D9-F1E33AFE4FDB}.Debug|Any CPU.ActiveCfg = Debug|Any CPU
		{7CAC5EF8-D2C8-4079-92D9-F1E33AFE4FDB}.Debug|Any CPU.Build.0 = Debug|Any CPU
		{7CAC5EF8-D2C8-4079-92D9-F1E33AFE4FDB}.Release|Any CPU.ActiveCfg = Release|Any CPU
		{7CAC5EF8-D2C8-4079-92D9-F1E33AFE4FDB}.Release|Any CPU.Build.0 = Release|Any CPU
		{968FFAD9-AEED-4564-971F-AE68C151733D}.Debug|Any CPU.ActiveCfg = Debug|Any CPU
		{968FFAD9-AEED-4564-971F-AE68C151733D}.Debug|Any CPU.Build.0 = Debug|Any CPU
		{968FFAD9-AEED-4564-971F-AE68C151733D}.Release|Any CPU.ActiveCfg = Release|Any CPU
		{968FFAD9-AEED-4564-971F-AE68C151733D}.Release|Any CPU.Build.0 = Release|Any CPU
	EndGlobalSection
	GlobalSection(SolutionProperties) = preSolution
		HideSolutionNode = FALSE
	EndGlobalSection
	GlobalSection(NestedProjects) = preSolution
		{ED3F4FE6-209A-4741-A8E9-67AF85C5A4F7} = {C760CE31-7F4B-4896-9099-20203069DE00}
		{7CAC5EF8-D2C8-4079-92D9-F1E33AFE4FDB} = {EF384B3D-EC56-4B53-AE86-AAD8D291C830}
		{968FFAD9-AEED-4564-971F-AE68C151733D} = {FA02F522-8F9A-4178-B1A8-7D2467A067AF}
	EndGlobalSection
	GlobalSection(ExtensibilityGlobals) = postSolution
		SolutionGuid = {A3347C79-598A-486F-BE89-A4084FB5EC0A}
	EndGlobalSection
EndGlobal
